
Microsoft Visual Studio Solution File, Format Version 12.00
# Visual Studio 2013
VisualStudioVersion = 12.0.30723.0
MinimumVisualStudioVersion = 10.0.40219.1
Project("{FAE04EC0-301F-11D3-BF4B-00C04F79EFBC}") = "ImageLinkControlAdapter", "ImageLinkControlAdapter\ImageLinkControlAdapter.csproj", "{85C96E0C-4D40-4421-AEBF-52DCDD3A66A6}"
EndProject
Project("{FAE04EC0-301F-11D3-BF4B-00C04F79EFBC}") = "ImageLinkControlAdapterTests", "ImageLinkControlAdapterTests\ImageLinkControlAdapterTests.csproj", "{DB6509DE-3BC7-4D6D-A256-B224E3E51979}"
EndProject
Global
	GlobalSection(SolutionConfigurationPlatforms) = preSolution
		Debug|Any CPU = Debug|Any CPU
		Release|Any CPU = Release|Any CPU
	EndGlobalSection
	GlobalSection(ProjectConfigurationPlatforms) = postSolution
		{85C96E0C-4D40-4421-AEBF-52DCDD3A66A6}.Debug|Any CPU.ActiveCfg = Debug|Any CPU
		{85C96E0C-4D40-4421-AEBF-52DCDD3A66A6}.Debug|Any CPU.Build.0 = Debug|Any CPU
		{85C96E0C-4D40-4421-AEBF-52DCDD3A66A6}.Debug|Any CPU.Deploy.0 = Debug|Any CPU
		{85C96E0C-4D40-4421-AEBF-52DCDD3A66A6}.Release|Any CPU.ActiveCfg = Release|Any CPU
		{85C96E0C-4D40-4421-AEBF-52DCDD3A66A6}.Release|Any CPU.Build.0 = Release|Any CPU
		{85C96E0C-4D40-4421-AEBF-52DCDD3A66A6}.Release|Any CPU.Deploy.0 = Release|Any CPU
		{DB6509DE-3BC7-4D6D-A256-B224E3E51979}.Debug|Any CPU.ActiveCfg = Debug|Any CPU
		{DB6509DE-3BC7-4D6D-A256-B224E3E51979}.Debug|Any CPU.Build.0 = Debug|Any CPU
		{DB6509DE-3BC7-4D6D-A256-B224E3E51979}.Release|Any CPU.ActiveCfg = Release|Any CPU
		{DB6509DE-3BC7-4D6D-A256-B224E3E51979}.Release|Any CPU.Build.0 = Release|Any CPU
	EndGlobalSection
	GlobalSection(SolutionProperties) = preSolution
		HideSolutionNode = FALSE
	EndGlobalSection
EndGlobal
